
Microsoft Visual Studio Solution File, Format Version 12.00
# Visual Studio Version 17
VisualStudioVersion = 17.9.34701.34
MinimumVisualStudioVersion = 10.0.40219.1
Project("{FAE04EC0-301F-11D3-BF4B-00C04F79EFBC}") = "Estudiante.UI", "Estudiante.UI\Estudiante.UI.csproj", "{27A8391D-4F84-445B-8D81-718D9FC25F9B}"
EndProject
Project("{FAE04EC0-301F-11D3-BF4B-00C04F79EFBC}") = "Estudiante.DS", "Estudiante.DS\Estudiante.DS.csproj", "{2D6025A1-8DD1-4BC0-B307-50DE472C7917}"
EndProject
Project("{FAE04EC0-301F-11D3-BF4B-00C04F79EFBC}") = "Estudiante.SI.Datos", "Estudiante.SI.Datos\Estudiante.SI.Datos.csproj", "{27A2532D-C165-4608-99ED-D2F42FD167CC}"
EndProject
Project("{FAE04EC0-301F-11D3-BF4B-00C04F79EFBC}") = "Estudiante.BS", "Estudiante.BS\Estudiante.BS.csproj", "{BB3CC6A5-4006-4B90-BD12-1379214D3CEC}"
EndProject
Project("{FAE04EC0-301F-11D3-BF4B-00C04F79EFBC}") = "Estudiante.SI", "Estudiante.SI\Estudiante.SI.csproj", "{F70FC054-FF27-4DD1-8DEE-112359638F3F}"
EndProject
Global
	GlobalSection(SolutionConfigurationPlatforms) = preSolution
		Debug|Any CPU = Debug|Any CPU
		Release|Any CPU = Release|Any CPU
	EndGlobalSection
	GlobalSection(ProjectConfigurationPlatforms) = postSolution
		{27A8391D-4F84-445B-8D81-718D9FC25F9B}.Debug|Any CPU.ActiveCfg = Debug|Any CPU
		{27A8391D-4F84-445B-8D81-718D9FC25F9B}.Debug|Any CPU.Build.0 = Debug|Any CPU
		{27A8391D-4F84-445B-8D81-718D9FC25F9B}.Release|Any CPU.ActiveCfg = Release|Any CPU
		{27A8391D-4F84-445B-8D81-718D9FC25F9B}.Release|Any CPU.Build.0 = Release|Any CPU
		{2D6025A1-8DD1-4BC0-B307-50DE472C7917}.Debug|Any CPU.ActiveCfg = Debug|Any CPU
		{2D6025A1-8DD1-4BC0-B307-50DE472C7917}.Debug|Any CPU.Build.0 = Debug|Any CPU
		{2D6025A1-8DD1-4BC0-B307-50DE472C7917}.Release|Any CPU.ActiveCfg = Release|Any CPU
		{2D6025A1-8DD1-4BC0-B307-50DE472C7917}.Release|Any CPU.Build.0 = Release|Any CPU
		{27A2532D-C165-4608-99ED-D2F42FD167CC}.Debug|Any CPU.ActiveCfg = Debug|Any CPU
		{27A2532D-C165-4608-99ED-D2F42FD167CC}.Debug|Any CPU.Build.0 = Debug|Any CPU
		{27A2532D-C165-4608-99ED-D2F42FD167CC}.Release|Any CPU.ActiveCfg = Release|Any CPU
		{27A2532D-C165-4608-99ED-D2F42FD167CC}.Release|Any CPU.Build.0 = Release|Any CPU
		{BB3CC6A5-4006-4B90-BD12-1379214D3CEC}.Debug|Any CPU.ActiveCfg = Debug|Any CPU
		{BB3CC6A5-4006-4B90-BD12-1379214D3CEC}.Debug|Any CPU.Build.0 = Debug|Any CPU
		{BB3CC6A5-4006-4B90-BD12-1379214D3CEC}.Release|Any CPU.ActiveCfg = Release|Any CPU
		{BB3CC6A5-4006-4B90-BD12-1379214D3CEC}.Release|Any CPU.Build.0 = Release|Any CPU
		{F70FC054-FF27-4DD1-8DEE-112359638F3F}.Debug|Any CPU.ActiveCfg = Debug|Any CPU
		{F70FC054-FF27-4DD1-8DEE-112359638F3F}.Debug|Any CPU.Build.0 = Debug|Any CPU
		{F70FC054-FF27-4DD1-8DEE-112359638F3F}.Release|Any CPU.ActiveCfg = Release|Any CPU
		{F70FC054-FF27-4DD1-8DEE-112359638F3F}.Release|Any CPU.Build.0 = Release|Any CPU
	EndGlobalSection
	GlobalSection(SolutionProperties) = preSolution
		HideSolutionNode = FALSE
	EndGlobalSection
	GlobalSection(ExtensibilityGlobals) = postSolution
		SolutionGuid = {03E0EE6E-8695-44DC-875A-165C7CB22715}
	EndGlobalSection
EndGlobal
